
Microsoft Visual Studio Solution File, Format Version 12.00
# Visual Studio 2015
Project("{FAE04EC0-301F-11D3-BF4B-00C04F79EFBC}") = "comp30022_teamaqua.CSharp", "comp30022_teamaqua.CSharp.csproj", "{534AF977-8EC0-D97A-1FB2-605B591CDF8D}"
EndProject
Global
	GlobalSection(SolutionConfigurationPlatforms) = preSolution
		Debug|Any CPU = Debug|Any CPU
		Release|Any CPU = Release|Any CPU
	EndGlobalSection
	GlobalSection(ProjectConfigurationPlatforms) = postSolution
		{534AF977-8EC0-D97A-1FB2-605B591CDF8D}.Debug|Any CPU.ActiveCfg = Debug|Any CPU
		{534AF977-8EC0-D97A-1FB2-605B591CDF8D}.Debug|Any CPU.Build.0 = Debug|Any CPU
		{534AF977-8EC0-D97A-1FB2-605B591CDF8D}.Release|Any CPU.ActiveCfg = Release|Any CPU
		{534AF977-8EC0-D97A-1FB2-605B591CDF8D}.Release|Any CPU.Build.0 = Release|Any CPU
	EndGlobalSection
	GlobalSection(SolutionProperties) = preSolution
		HideSolutionNode = FALSE
	EndGlobalSection
EndGlobal
